
Microsoft Visual Studio Solution File, Format Version 12.00
# Visual Studio Version 16
VisualStudioVersion = 16.0.29609.76
MinimumVisualStudioVersion = 15.0.26124.0
Project("{9A19103F-16F7-4668-BE54-9A1E7A4F7556}") = "Fuse", "Fuse\Fuse.csproj", "{55FF634D-B445-45D0-8BA3-EAA9CB6FC6A3}"
EndProject
Project("{9A19103F-16F7-4668-BE54-9A1E7A4F7556}") = "Fuse.Injector", "Fuse.Injector\Fuse.Injector.csproj", "{37277EDF-5013-42A6-B069-3E002BCB4232}"
EndProject
Project("{9A19103F-16F7-4668-BE54-9A1E7A4F7556}") = "Fuse.Plugins.GraphQL", "Fuse.Plugins.GraphQL\Fuse.Plugins.GraphQL.csproj", "{22650A4B-8240-4FFF-8769-0B9896B82C6F}"
EndProject
Global
	GlobalSection(SolutionConfigurationPlatforms) = preSolution
		Debug|Any CPU = Debug|Any CPU
		Debug|x64 = Debug|x64
		Debug|x86 = Debug|x86
		Release|Any CPU = Release|Any CPU
		Release|x64 = Release|x64
		Release|x86 = Release|x86
	EndGlobalSection
	GlobalSection(ProjectConfigurationPlatforms) = postSolution
		{55FF634D-B445-45D0-8BA3-EAA9CB6FC6A3}.Debug|Any CPU.ActiveCfg = Debug|Any CPU
		{55FF634D-B445-45D0-8BA3-EAA9CB6FC6A3}.Debug|Any CPU.Build.0 = Debug|Any CPU
		{55FF634D-B445-45D0-8BA3-EAA9CB6FC6A3}.Debug|x64.ActiveCfg = Debug|Any CPU
		{55FF634D-B445-45D0-8BA3-EAA9CB6FC6A3}.Debug|x64.Build.0 = Debug|Any CPU
		{55FF634D-B445-45D0-8BA3-EAA9CB6FC6A3}.Debug|x86.ActiveCfg = Debug|Any CPU
		{55FF634D-B445-45D0-8BA3-EAA9CB6FC6A3}.Debug|x86.Build.0 = Debug|Any CPU
		{55FF634D-B445-45D0-8BA3-EAA9CB6FC6A3}.Release|Any CPU.ActiveCfg = Release|Any CPU
		{55FF634D-B445-45D0-8BA3-EAA9CB6FC6A3}.Release|Any CPU.Build.0 = Release|Any CPU
		{55FF634D-B445-45D0-8BA3-EAA9CB6FC6A3}.Release|x64.ActiveCfg = Release|Any CPU
		{55FF634D-B445-45D0-8BA3-EAA9CB6FC6A3}.Release|x64.Build.0 = Release|Any CPU
		{55FF634D-B445-45D0-8BA3-EAA9CB6FC6A3}.Release|x86.ActiveCfg = Release|Any CPU
		{55FF634D-B445-45D0-8BA3-EAA9CB6FC6A3}.Release|x86.Build.0 = Release|Any CPU
		{37277EDF-5013-42A6-B069-3E002BCB4232}.Debug|Any CPU.ActiveCfg = Debug|Any CPU
		{37277EDF-5013-42A6-B069-3E002BCB4232}.Debug|Any CPU.Build.0 = Debug|Any CPU
		{37277EDF-5013-42A6-B069-3E002BCB4232}.Debug|x64.ActiveCfg = Debug|Any CPU
		{37277EDF-5013-42A6-B069-3E002BCB4232}.Debug|x64.Build.0 = Debug|Any CPU
		{37277EDF-5013-42A6-B069-3E002BCB4232}.Debug|x86.ActiveCfg = Debug|Any CPU
		{37277EDF-5013-42A6-B069-3E002BCB4232}.Debug|x86.Build.0 = Debug|Any CPU
		{37277EDF-5013-42A6-B069-3E002BCB4232}.Release|Any CPU.ActiveCfg = Release|Any CPU
		{37277EDF-5013-42A6-B069-3E002BCB4232}.Release|Any CPU.Build.0 = Release|Any CPU
		{37277EDF-5013-42A6-B069-3E002BCB4232}.Release|x64.ActiveCfg = Release|Any CPU
		{37277EDF-5013-42A6-B069-3E002BCB4232}.Release|x64.Build.0 = Release|Any CPU
		{37277EDF-5013-42A6-B069-3E002BCB4232}.Release|x86.ActiveCfg = Release|Any CPU
		{37277EDF-5013-42A6-B069-3E002BCB4232}.Release|x86.Build.0 = Release|Any CPU
		{22650A4B-8240-4FFF-8769-0B9896B82C6F}.Debug|Any CPU.ActiveCfg = Debug|Any CPU
		{22650A4B-8240-4FFF-8769-0B9896B82C6F}.Debug|Any CPU.Build.0 = Debug|Any CPU
		{22650A4B-8240-4FFF-8769-0B9896B82C6F}.Debug|x64.ActiveCfg = Debug|Any CPU
		{22650A4B-8240-4FFF-8769-0B9896B82C6F}.Debug|x64.Build.0 = Debug|Any CPU
		{22650A4B-8240-4FFF-8769-0B9896B82C6F}.Debug|x86.ActiveCfg = Debug|Any CPU
		{22650A4B-8240-4FFF-8769-0B9896B82C6F}.Debug|x86.Build.0 = Debug|Any CPU
		{22650A4B-8240-4FFF-8769-0B9896B82C6F}.Release|Any CPU.ActiveCfg = Release|Any CPU
		{22650A4B-8240-4FFF-8769-0B9896B82C6F}.Release|Any CPU.Build.0 = Release|Any CPU
		{22650A4B-8240-4FFF-8769-0B9896B82C6F}.Release|x64.ActiveCfg = Release|Any CPU
		{22650A4B-8240-4FFF-8769-0B9896B82C6F}.Release|x64.Build.0 = Release|Any CPU
		{22650A4B-8240-4FFF-8769-0B9896B82C6F}.Release|x86.ActiveCfg = Release|Any CPU
		{22650A4B-8240-4FFF-8769-0B9896B82C6F}.Release|x86.Build.0 = Release|Any CPU
	EndGlobalSection
	GlobalSection(SolutionProperties) = preSolution
		HideSolutionNode = FALSE
	EndGlobalSection
	GlobalSection(ExtensibilityGlobals) = postSolution
		SolutionGuid = {0ACD5402-ECB5-4671-AC5E-9E9C3BFD2AFC}
	EndGlobalSection
EndGlobal
